
Microsoft Visual Studio Solution File, Format Version 12.00
# Visual Studio Version 17
VisualStudioVersion = 17.5.002.0
MinimumVisualStudioVersion = 10.0.40219.1
Project("{9A19103F-16F7-4668-BE54-9A1E7A4F7556}") = "recursividade", "recursividade.csproj", "{931A90F7-F108-487F-BD64-0381524B4C25}"
EndProject
Global
	GlobalSection(SolutionConfigurationPlatforms) = preSolution
		Debug|Any CPU = Debug|Any CPU
		Release|Any CPU = Release|Any CPU
	EndGlobalSection
	GlobalSection(ProjectConfigurationPlatforms) = postSolution
		{931A90F7-F108-487F-BD64-0381524B4C25}.Debug|Any CPU.ActiveCfg = Debug|Any CPU
		{931A90F7-F108-487F-BD64-0381524B4C25}.Debug|Any CPU.Build.0 = Debug|Any CPU
		{931A90F7-F108-487F-BD64-0381524B4C25}.Release|Any CPU.ActiveCfg = Release|Any CPU
		{931A90F7-F108-487F-BD64-0381524B4C25}.Release|Any CPU.Build.0 = Release|Any CPU
	EndGlobalSection
	GlobalSection(SolutionProperties) = preSolution
		HideSolutionNode = FALSE
	EndGlobalSection
	GlobalSection(ExtensibilityGlobals) = postSolution
		SolutionGuid = {3C50253D-388C-4C08-8B20-0C7E33BAE5C1}
	EndGlobalSection
EndGlobal
